
Microsoft Visual Studio Solution File, Format Version 12.00
# Visual Studio 15
VisualStudioVersion = 15.0.28307.421
MinimumVisualStudioVersion = 10.0.40219.1
Project("{FAE04EC0-301F-11D3-BF4B-00C04F79EFBC}") = "SpecFlowTestsProject", "SpecFlowTestsProject\SpecFlowTestsProject.csproj", "{878FF0A9-1E8E-4896-A02E-B12B3511D7B2}"
EndProject
Global
	GlobalSection(SolutionConfigurationPlatforms) = preSolution
		Debug|Any CPU = Debug|Any CPU
		Release|Any CPU = Release|Any CPU
	EndGlobalSection
	GlobalSection(ProjectConfigurationPlatforms) = postSolution
		{878FF0A9-1E8E-4896-A02E-B12B3511D7B2}.Debug|Any CPU.ActiveCfg = Debug|Any CPU
		{878FF0A9-1E8E-4896-A02E-B12B3511D7B2}.Debug|Any CPU.Build.0 = Debug|Any CPU
		{878FF0A9-1E8E-4896-A02E-B12B3511D7B2}.Release|Any CPU.ActiveCfg = Release|Any CPU
		{878FF0A9-1E8E-4896-A02E-B12B3511D7B2}.Release|Any CPU.Build.0 = Release|Any CPU
	EndGlobalSection
	GlobalSection(SolutionProperties) = preSolution
		HideSolutionNode = FALSE
	EndGlobalSection
	GlobalSection(ExtensibilityGlobals) = postSolution
		SolutionGuid = {40CC4A7F-AF93-4CCE-954E-1C6B42A190CA}
	EndGlobalSection
EndGlobal
